
Microsoft Visual Studio Solution File, Format Version 11.00
# Visual Studio 2010
Project("{FAE04EC0-301F-11D3-BF4B-00C04F79EFBC}") = "Assembly-CSharp", "Assembly-CSharp.csproj", "{fe88eb77-0da3-5dec-5078-e8d8d138565e}"
EndProject
Project("{FAE04EC0-301F-11D3-BF4B-00C04F79EFBC}") = "Assembly-CSharp-Editor", "Assembly-CSharp-Editor.csproj", "{4f769b59-06a6-cb5c-17d7-055219ff852b}"
EndProject
Global
	GlobalSection(SolutionConfigurationPlatforms) = preSolution
		Debug|Any CPU = Debug|Any CPU
	EndGlobalSection
	GlobalSection(ProjectConfigurationPlatforms) = postSolution
		{fe88eb77-0da3-5dec-5078-e8d8d138565e}.Debug|Any CPU.ActiveCfg = Debug|Any CPU
		{fe88eb77-0da3-5dec-5078-e8d8d138565e}.Debug|Any CPU.Build.0 = Debug|Any CPU
		{4f769b59-06a6-cb5c-17d7-055219ff852b}.Debug|Any CPU.ActiveCfg = Debug|Any CPU
		{4f769b59-06a6-cb5c-17d7-055219ff852b}.Debug|Any CPU.Build.0 = Debug|Any CPU
	EndGlobalSection
	GlobalSection(SolutionProperties) = preSolution
		HideSolutionNode = FALSE
	EndGlobalSection
EndGlobal
